// !$*UTF8*$!
{
	archiveVersion = 1;
	classes = {
	};
	objectVersion = 50;
	objects = {

/* Begin PBXBuildFile section */
		6BF541EE2403CB5F002C47DA /* AppDelegate.swift in Sources */ = {isa = PBXBuildFile; fileRef = 6BF541ED2403CB5F002C47DA /* AppDelegate.swift */; };
		6BF541F02403CB5F002C47DA /* SceneDelegate.swift in Sources */ = {isa = PBXBuildFile; fileRef = 6BF541EF2403CB5F002C47DA /* SceneDelegate.swift */; };
		6BF541F22403CB5F002C47DA /* ViewController.swift in Sources */ = {isa = PBXBuildFile; fileRef = 6BF541F12403CB5F002C47DA /* ViewController.swift */; };
		6BF541F72403CB5F002C47DA /* Assets.xcassets in Resources */ = {isa = PBXBuildFile; fileRef = 6BF541F62403CB5F002C47DA /* Assets.xcassets */; };
		6BF541FA2403CB5F002C47DA /* LaunchScreen.storyboard in Resources */ = {isa = PBXBuildFile; fileRef = 6BF541F82403CB5F002C47DA /* LaunchScreen.storyboard */; };
		6BF542032403CB74002C47DA /* StackAnimationViewController.swift in Sources */ = {isa = PBXBuildFile; fileRef = 6BF542012403CB74002C47DA /* StackAnimationViewController.swift */; };
		6BF542042403CB74002C47DA /* Main.storyboard in Resources */ = {isa = PBXBuildFile; fileRef = 6BF542022403CB74002C47DA /* Main.storyboard */; };
		A099B4EB25B5ADCF001B5FCE /* CollectionView.storyboard in Resources */ = {isa = PBXBuildFile; fileRef = A099B4EA25B5ADCF001B5FCE /* CollectionView.storyboard */; };
		A099B4EF25B5B133001B5FCE /* HeaderAutoLayoutCollectionViewController.swift in Sources */ = {isa = PBXBuildFile; fileRef = A099B4EE25B5B133001B5FCE /* HeaderAutoLayoutCollectionViewController.swift */; };
		A0B2A502240BBA8200099E41 /* DragAnimationStep1ViewController.swift in Sources */ = {isa = PBXBuildFile; fileRef = A0B2A501240BBA8200099E41 /* DragAnimationStep1ViewController.swift */; };
/* End PBXBuildFile section */

/* Begin PBXFileReference section */
		6BF541EA2403CB5F002C47DA /* KJS_UI.app */ = {isa = PBXFileReference; explicitFileType = wrapper.application; includeInIndex = 0; path = KJS_UI.app; sourceTree = BUILT_PRODUCTS_DIR; };
		6BF541ED2403CB5F002C47DA /* AppDelegate.swift */ = {isa = PBXFileReference; lastKnownFileType = sourcecode.swift; path = AppDelegate.swift; sourceTree = "<group>"; };
		6BF541EF2403CB5F002C47DA /* SceneDelegate.swift */ = {isa = PBXFileReference; lastKnownFileType = sourcecode.swift; path = SceneDelegate.swift; sourceTree = "<group>"; };
		6BF541F12403CB5F002C47DA /* ViewController.swift */ = {isa = PBXFileReference; lastKnownFileType = sourcecode.swift; path = ViewController.swift; sourceTree = "<group>"; };
		6BF541F62403CB5F002C47DA /* Assets.xcassets */ = {isa = PBXFileReference; lastKnownFileType = folder.assetcatalog; path = Assets.xcassets; sourceTree = "<group>"; };
		6BF541F92403CB5F002C47DA /* Base */ = {isa = PBXFileReference; lastKnownFileType = file.storyboard; name = Base; path = Base.lproj/LaunchScreen.storyboard; sourceTree = "<group>"; };
		6BF541FB2403CB5F002C47DA /* Info.plist */ = {isa = PBXFileReference; lastKnownFileType = text.plist.xml; path = Info.plist; sourceTree = "<group>"; };
		6BF542012403CB74002C47DA /* StackAnimationViewController.swift */ = {isa = PBXFileReference; fileEncoding = 4; lastKnownFileType = sourcecode.swift; path = StackAnimationViewController.swift; sourceTree = "<group>"; };
		6BF542022403CB74002C47DA /* Main.storyboard */ = {isa = PBXFileReference; fileEncoding = 4; lastKnownFileType = file.storyboard; path = Main.storyboard; sourceTree = "<group>"; };
		A099B4EA25B5ADCF001B5FCE /* CollectionView.storyboard */ = {isa = PBXFileReference; lastKnownFileType = file.storyboard; path = CollectionView.storyboard; sourceTree = "<group>"; };
		A099B4EE25B5B133001B5FCE /* HeaderAutoLayoutCollectionViewController.swift */ = {isa = PBXFileReference; lastKnownFileType = sourcecode.swift; path = HeaderAutoLayoutCollectionViewController.swift; sourceTree = "<group>"; };
		A0B2A501240BBA8200099E41 /* DragAnimationStep1ViewController.swift */ = {isa = PBXFileReference; lastKnownFileType = sourcecode.swift; path = DragAnimationStep1ViewController.swift; sourceTree = "<group>"; };
/* End PBXFileReference section */

/* Begin PBXFrameworksBuildPhase section */
		6BF541E72403CB5F002C47DA /* Frameworks */ = {
			isa = PBXFrameworksBuildPhase;
			buildActionMask = 2147483647;
			files = (
			);
			runOnlyForDeploymentPostprocessing = 0;
		};
/* End PBXFrameworksBuildPhase section */

/* Begin PBXGroup section */
		6BF541E12403CB5F002C47DA = {
			isa = PBXGroup;
			children = (
				6BF541EC2403CB5F002C47DA /* KJS_UI */,
				6BF541EB2403CB5F002C47DA /* Products */,
			);
			sourceTree = "<group>";
		};
		6BF541EB2403CB5F002C47DA /* Products */ = {
			isa = PBXGroup;
			children = (
				6BF541EA2403CB5F002C47DA /* KJS_UI.app */,
			);
			name = Products;
			sourceTree = "<group>";
		};
		6BF541EC2403CB5F002C47DA /* KJS_UI */ = {
			isa = PBXGroup;
			children = (
				6BF541ED2403CB5F002C47DA /* AppDelegate.swift */,
				6BF541EF2403CB5F002C47DA /* SceneDelegate.swift */,
				6BF541F12403CB5F002C47DA /* ViewController.swift */,
				A099B4E825B5AD9E001B5FCE /* CollectionView */,
				A0B2A4FF240BBA5200099E41 /* DragAnimation */,
				6BF542022403CB74002C47DA /* Main.storyboard */,
				A099B4EA25B5ADCF001B5FCE /* CollectionView.storyboard */,
				6BF541F62403CB5F002C47DA /* Assets.xcassets */,
				6BF541F82403CB5F002C47DA /* LaunchScreen.storyboard */,
				6BF541FB2403CB5F002C47DA /* Info.plist */,
			);
			path = KJS_UI;
			sourceTree = "<group>";
		};
		A099B4E825B5AD9E001B5FCE /* CollectionView */ = {
			isa = PBXGroup;
			children = (
				A099B4EE25B5B133001B5FCE /* HeaderAutoLayoutCollectionViewController.swift */,
			);
			path = CollectionView;
			sourceTree = "<group>";
		};
		A0B2A4FF240BBA5200099E41 /* DragAnimation */ = {
			isa = PBXGroup;
			children = (
				A0B2A500240BBA6700099E41 /* VC */,
			);
			path = DragAnimation;
			sourceTree = "<group>";
		};
		A0B2A500240BBA6700099E41 /* VC */ = {
			isa = PBXGroup;
			children = (
				6BF542012403CB74002C47DA /* StackAnimationViewController.swift */,
				A0B2A501240BBA8200099E41 /* DragAnimationStep1ViewController.swift */,
			);
			path = VC;
			sourceTree = "<group>";
		};
/* End PBXGroup section */

/* Begin PBXNativeTarget section */
		6BF541E92403CB5F002C47DA /* KJS_UI */ = {
			isa = PBXNativeTarget;
			buildConfigurationList = 6BF541FE2403CB5F002C47DA /* Build configuration list for PBXNativeTarget "KJS_UI" */;
			buildPhases = (
				6BF541E62403CB5F002C47DA /* Sources */,
				6BF541E72403CB5F002C47DA /* Frameworks */,
				6BF541E82403CB5F002C47DA /* Resources */,
			);
			buildRules = (
			);
			dependencies = (
			);
			name = KJS_UI;
			productName = KJS_UI;
			productReference = 6BF541EA2403CB5F002C47DA /* KJS_UI.app */;
			productType = "com.apple.product-type.application";
		};
/* End PBXNativeTarget section */

/* Begin PBXProject section */
		6BF541E22403CB5F002C47DA /* Project object */ = {
			isa = PBXProject;
			attributes = {
				LastSwiftUpdateCheck = 1130;
				LastUpgradeCheck = 1130;
				ORGANIZATIONNAME = JS;
				TargetAttributes = {
					6BF541E92403CB5F002C47DA = {
						CreatedOnToolsVersion = 11.3.1;
					};
				};
			};
			buildConfigurationList = 6BF541E52403CB5F002C47DA /* Build configuration list for PBXProject "KJS_UI" */;
			compatibilityVersion = "Xcode 9.3";
			developmentRegion = en;
			hasScannedForEncodings = 0;
			knownRegions = (
				en,
				Base,
			);
			mainGroup = 6BF541E12403CB5F002C47DA;
			productRefGroup = 6BF541EB2403CB5F002C47DA /* Products */;
			projectDirPath = "";
			projectRoot = "";
			targets = (
				6BF541E92403CB5F002C47DA /* KJS_UI */,
			);
		};
/* End PBXProject section */

/* Begin PBXResourcesBuildPhase section */
		6BF541E82403CB5F002C47DA /* Resources */ = {
			isa = PBXResourcesBuildPhase;
			buildActionMask = 2147483647;
			files = (
				6BF541FA2403CB5F002C47DA /* LaunchScreen.storyboard in Resources */,
				6BF541F72403CB5F002C47DA /* Assets.xcassets in Resources */,
				6BF542042403CB74002C47DA /* Main.storyboard in Resources */,
				A099B4EB25B5ADCF001B5FCE /* CollectionView.storyboard in Resources */,
			);
			runOnlyForDeploymentPostprocessing = 0;
		};
/* End PBXResourcesBuildPhase section */

/* Begin PBXSourcesBuildPhase section */
		6BF541E62403CB5F002C47DA /* Sources */ = {
			isa = PBXSourcesBuildPhase;
			buildActionMask = 2147483647;
			files = (
				A099B4EF25B5B133001B5FCE /* HeaderAutoLayoutCollectionViewController.swift in Sources */,
				6BF541F22403CB5F002C47DA /* ViewController.swift in Sources */,
				6BF541EE2403CB5F002C47DA /* AppDelegate.swift in Sources */,
				A0B2A502240BBA8200099E41 /* DragAnimationStep1ViewController.swift in Sources */,
				6BF542032403CB74002C47DA /* StackAnimationViewController.swift in Sources */,
				6BF541F02403CB5F002C47DA /* SceneDelegate.swift in Sources */,
			);
			runOnlyForDeploymentPostprocessing = 0;
		};
/* End PBXSourcesBuildPhase section */

/* Begin PBXVariantGroup section */
		6BF541F82403CB5F002C47DA /* LaunchScreen.storyboard */ = {
			isa = PBXVariantGroup;
			children = (
				6BF541F92403CB5F002C47DA /* Base */,
			);
			name = LaunchScreen.storyboard;
			sourceTree = "<group>";
		};
/* End PBXVariantGroup section */

/* Begin XCBuildConfiguration section */
		6BF541FC2403CB5F002C47DA /* Debug */ = {
			isa = XCBuildConfiguration;
			buildSettings = {
				ALWAYS_SEARCH_USER_PATHS = NO;
				CLANG_ANALYZER_NONNULL = YES;
				CLANG_ANALYZER_NUMBER_OBJECT_CONVERSION = YES_AGGRESSIVE;
				CLANG_CXX_LANGUAGE_STANDARD = "gnu++14";
				CLANG_CXX_LIBRARY = "libc++";
				CLANG_ENABLE_MODULES = YES;
				CLANG_ENABLE_OBJC_ARC = YES;
				CLANG_ENABLE_OBJC_WEAK = YES;
				CLANG_WARN_BLOCK_CAPTURE_AUTORELEASING = YES;
				CLANG_WARN_BOOL_CONVERSION = YES;
				CLANG_WARN_COMMA = YES;
				CLANG_WARN_CONSTANT_CONVERSION = YES;
				CLANG_WARN_DEPRECATED_OBJC_IMPLEMENTATIONS = YES;
				CLANG_WARN_DIRECT_OBJC_ISA_USAGE = YES_ERROR;
				CLANG_WARN_DOCUMENTATION_COMMENTS = YES;
				CLANG_WARN_EMPTY_BODY = YES;
				CLANG_WARN_ENUM_CONVERSION = YES;
				CLANG_WARN_INFINITE_RECURSION = YES;
				CLANG_WARN_INT_CONVERSION = YES;
				CLANG_WARN_NON_LITERAL_NULL_CONVERSION = YES;
				CLANG_WARN_OBJC_IMPLICIT_RETAIN_SELF = YES;
				CLANG_WARN_OBJC_LITERAL_CONVERSION = YES;
				CLANG_WARN_OBJC_ROOT_CLASS = YES_ERROR;
				CLANG_WARN_RANGE_LOOP_ANALYSIS = YES;
				CLANG_WARN_STRICT_PROTOTYPES = YES;
				CLANG_WARN_SUSPICIOUS_MOVE = YES;
				CLANG_WARN_UNGUARDED_AVAILABILITY = YES_AGGRESSIVE;
				CLANG_WARN_UNREACHABLE_CODE = YES;
				CLANG_WARN__DUPLICATE_METHOD_MATCH = YES;
				COPY_PHASE_STRIP = NO;
				DEBUG_INFORMATION_FORMAT = dwarf;
				ENABLE_STRICT_OBJC_MSGSEND = YES;
				ENABLE_TESTABILITY = YES;
				GCC_C_LANGUAGE_STANDARD = gnu11;
				GCC_DYNAMIC_NO_PIC = NO;
				GCC_NO_COMMON_BLOCKS = YES;
				GCC_OPTIMIZATION_LEVEL = 0;
				GCC_PREPROCESSOR_DEFINITIONS = (
					"DEBUG=1",
					"$(inherited)",
				);
				GCC_WARN_64_TO_32_BIT_CONVERSION = YES;
				GCC_WARN_ABOUT_RETURN_TYPE = YES_ERROR;
				GCC_WARN_UNDECLARED_SELECTOR = YES;
				GCC_WARN_UNINITIALIZED_AUTOS = YES_AGGRESSIVE;
				GCC_WARN_UNUSED_FUNCTION = YES;
				GCC_WARN_UNUSED_VARIABLE = YES;
				IPHONEOS_DEPLOYMENT_TARGET = 13.2;
				MTL_ENABLE_DEBUG_INFO = INCLUDE_SOURCE;
				MTL_FAST_MATH = YES;
				ONLY_ACTIVE_ARCH = YES;
				SDKROOT = iphoneos;
				SWIFT_ACTIVE_COMPILATION_CONDITIONS = DEBUG;
				SWIFT_OPTIMIZATION_LEVEL = "-Onone";
			};
			name = Debug;
		};
		6BF541FD2403CB5F002C47DA /* Release */ = {
			isa = XCBuildConfiguration;
			buildSettings = {
				ALWAYS_SEARCH_USER_PATHS = NO;
				CLANG_ANALYZER_NONNULL = YES;
				CLANG_ANALYZER_NUMBER_OBJECT_CONVERSION = YES_AGGRESSIVE;
				CLANG_CXX_LANGUAGE_STANDARD = "gnu++14";
				CLANG_CXX_LIBRARY = "libc++";
				CLANG_ENABLE_MODULES = YES;
				CLANG_ENABLE_OBJC_ARC = YES;
				CLANG_ENABLE_OBJC_WEAK = YES;
				CLANG_WARN_BLOCK_CAPTURE_AUTORELEASING = YES;
				CLANG_WARN_BOOL_CONVERSION = YES;
				CLANG_WARN_COMMA = YES;
				CLANG_WARN_CONSTANT_CONVERSION = YES;
				CLANG_WARN_DEPRECATED_OBJC_IMPLEMENTATIONS = YES;
				CLANG_WARN_DIRECT_OBJC_ISA_USAGE = YES_ERROR;
				CLANG_WARN_DOCUMENTATION_COMMENTS = YES;
				CLANG_WARN_EMPTY_BODY = YES;
				CLANG_WARN_ENUM_CONVERSION = YES;
				CLANG_WARN_INFINITE_RECURSION = YES;
				CLANG_WARN_INT_CONVERSION = YES;
				CLANG_WARN_NON_LITERAL_NULL_CONVERSION = YES;
				CLANG_WARN_OBJC_IMPLICIT_RETAIN_SELF = YES;
				CLANG_WARN_OBJC_LITERAL_CONVERSION = YES;
				CLANG_WARN_OBJC_ROOT_CLASS = YES_ERROR;
				CLANG_WARN_RANGE_LOOP_ANALYSIS = YES;
				CLANG_WARN_STRICT_PROTOTYPES = YES;
				CLANG_WARN_SUSPICIOUS_MOVE = YES;
				CLANG_WARN_UNGUARDED_AVAILABILITY = YES_AGGRESSIVE;
				CLANG_WARN_UNREACHABLE_CODE = YES;
				CLANG_WARN__DUPLICATE_METHOD_MATCH = YES;
				COPY_PHASE_STRIP = NO;
				DEBUG_INFORMATION_FORMAT = "dwarf-with-dsym";
				ENABLE_NS_ASSERTIONS = NO;
				ENABLE_STRICT_OBJC_MSGSEND = YES;
				GCC_C_LANGUAGE_STANDARD = gnu11;
				GCC_NO_COMMON_BLOCKS = YES;
				GCC_WARN_64_TO_32_BIT_CONVERSION = YES;
				GCC_WARN_ABOUT_RETURN_TYPE = YES_ERROR;
				GCC_WARN_UNDECLARED_SELECTOR = YES;
				GCC_WARN_UNINITIALIZED_AUTOS = YES_AGGRESSIVE;
				GCC_WARN_UNUSED_FUNCTION = YES;
				GCC_WARN_UNUSED_VARIABLE = YES;
				IPHONEOS_DEPLOYMENT_TARGET = 13.2;
				MTL_ENABLE_DEBUG_INFO = NO;
				MTL_FAST_MATH = YES;
				SDKROOT = iphoneos;
				SWIFT_COMPILATION_MODE = wholemodule;
				SWIFT_OPTIMIZATION_LEVEL = "-O";
				VALIDATE_PRODUCT = YES;
			};
			name = Release;
		};
		6BF541FF2403CB5F002C47DA /* Debug */ = {
			isa = XCBuildConfiguration;
			buildSettings = {
				ASSETCATALOG_COMPILER_APPICON_NAME = AppIcon;
				CODE_SIGN_STYLE = Automatic;
				DEVELOPMENT_TEAM = HWY63NUUS4;
				INFOPLIST_FILE = KJS_UI/Info.plist;
				LD_RUNPATH_SEARCH_PATHS = (
					"$(inherited)",
					"@executable_path/Frameworks",
				);
				PRODUCT_BUNDLE_IDENTIFIER = "com.JS.test.KJS-UI";
				PRODUCT_NAME = "$(TARGET_NAME)";
				SWIFT_VERSION = 5.0;
				TARGETED_DEVICE_FAMILY = "1,2";
			};
			name = Debug;
		};
		6BF542002403CB5F002C47DA /* Release */ = {
			isa = XCBuildConfiguration;
			buildSettings = {
				ASSETCATALOG_COMPILER_APPICON_NAME = AppIcon;
				CODE_SIGN_STYLE = Automatic;
				DEVELOPMENT_TEAM = HWY63NUUS4;
				INFOPLIST_FILE = KJS_UI/Info.plist;
				LD_RUNPATH_SEARCH_PATHS = (
					"$(inherited)",
					"@executable_path/Frameworks",
				);
				PRODUCT_BUNDLE_IDENTIFIER = "com.JS.test.KJS-UI";
				PRODUCT_NAME = "$(TARGET_NAME)";
				SWIFT_VERSION = 5.0;
				TARGETED_DEVICE_FAMILY = "1,2";
			};
			name = Release;
		};
/* End XCBuildConfiguration section */

/* Begin XCConfigurationList section */
		6BF541E52403CB5F002C47DA /* Build configuration list for PBXProject "KJS_UI" */ = {
			isa = XCConfigurationList;
			buildConfigurations = (
				6BF541FC2403CB5F002C47DA /* Debug */,
				6BF541FD2403CB5F002C47DA /* Release */,
			);
			defaultConfigurationIsVisible = 0;
			defaultConfigurationName = Release;
		};
		6BF541FE2403CB5F002C47DA /* Build configuration list for PBXNativeTarget "KJS_UI" */ = {
			isa = XCConfigurationList;
			buildConfigurations = (
				6BF541FF2403CB5F002C47DA /* Debug */,
				6BF542002403CB5F002C47DA /* Release */,
			);
			defaultConfigurationIsVisible = 0;
			defaultConfigurationName = Release;
		};
/* End XCConfigurationList section */
	};
	rootObject = 6BF541E22403CB5F002C47DA /* Project object */;
}
