// !$*UTF8*$!
{
	archiveVersion = 1;
	classes = {
	};
	objectVersion = 52;
	objects = {

/* Begin PBXBuildFile section */
		6BF541EE2403CB5F002C47DA /* AppDelegate.swift in Sources */ = {isa = PBXBuildFile; fileRef = 6BF541ED2403CB5F002C47DA /* AppDelegate.swift */; };
		6BF541F02403CB5F002C47DA /* SceneDelegate.swift in Sources */ = {isa = PBXBuildFile; fileRef = 6BF541EF2403CB5F002C47DA /* SceneDelegate.swift */; };
		6BF541F22403CB5F002C47DA /* MainViewController.swift in Sources */ = {isa = PBXBuildFile; fileRef = 6BF541F12403CB5F002C47DA /* MainViewController.swift */; };
		6BF541F72403CB5F002C47DA /* Assets.xcassets in Resources */ = {isa = PBXBuildFile; fileRef = 6BF541F62403CB5F002C47DA /* Assets.xcassets */; };
		6BF541FA2403CB5F002C47DA /* LaunchScreen.storyboard in Resources */ = {isa = PBXBuildFile; fileRef = 6BF541F82403CB5F002C47DA /* LaunchScreen.storyboard */; };
		6BF542032403CB74002C47DA /* StackAnimationViewController.swift in Sources */ = {isa = PBXBuildFile; fileRef = 6BF542012403CB74002C47DA /* StackAnimationViewController.swift */; };
		6BF542042403CB74002C47DA /* Main.storyboard in Resources */ = {isa = PBXBuildFile; fileRef = 6BF542022403CB74002C47DA /* Main.storyboard */; };
		A002CAD4290E94E600796A25 /* HeaderAutoLayoutCollectionCoordinator.swift in Sources */ = {isa = PBXBuildFile; fileRef = A002CAD3290E94E600796A25 /* HeaderAutoLayoutCollectionCoordinator.swift */; };
		A002CAD6290E964A00796A25 /* TabBarViewController.swift in Sources */ = {isa = PBXBuildFile; fileRef = A002CAD5290E964A00796A25 /* TabBarViewController.swift */; };
		A002CAD8290E968200796A25 /* TabBarCoordinator.swift in Sources */ = {isa = PBXBuildFile; fileRef = A002CAD7290E968200796A25 /* TabBarCoordinator.swift */; };
		A002CADB290E98EE00796A25 /* DiffableDataSourceCollectionVC.swift in Sources */ = {isa = PBXBuildFile; fileRef = A002CADA290E98EE00796A25 /* DiffableDataSourceCollectionVC.swift */; };
		A002CADD290E992800796A25 /* DiffableDataSourceCoordinator.swift in Sources */ = {isa = PBXBuildFile; fileRef = A002CADC290E992800796A25 /* DiffableDataSourceCoordinator.swift */; };
		A002CADF290E99DA00796A25 /* DiffableDataSourceCollectionCell.swift in Sources */ = {isa = PBXBuildFile; fileRef = A002CADE290E99DA00796A25 /* DiffableDataSourceCollectionCell.swift */; };
		A0216E462603339A00652CFB /* TabBar.storyboard in Resources */ = {isa = PBXBuildFile; fileRef = A0216E452603339A00652CFB /* TabBar.storyboard */; };
		A0216E4B2603343100652CFB /* CustomTabBarController.swift in Sources */ = {isa = PBXBuildFile; fileRef = A0216E4A2603343100652CFB /* CustomTabBarController.swift */; };
		A0216E502603402F00652CFB /* SettingTabIcon.xib in Resources */ = {isa = PBXBuildFile; fileRef = A0216E4F2603402F00652CFB /* SettingTabIcon.xib */; };
		A0216E532603416C00652CFB /* SettingTabIcon.swift in Sources */ = {isa = PBXBuildFile; fileRef = A0216E522603416C00652CFB /* SettingTabIcon.swift */; };
		A0266911290EBC1E0018501C /* UIView+Utils.swift in Sources */ = {isa = PBXBuildFile; fileRef = A0266910290EBC1E0018501C /* UIView+Utils.swift */; };
		A099B4EB25B5ADCF001B5FCE /* CollectionView.storyboard in Resources */ = {isa = PBXBuildFile; fileRef = A099B4EA25B5ADCF001B5FCE /* CollectionView.storyboard */; };
		A099B4EF25B5B133001B5FCE /* HeaderAutoLayoutCollectionViewController.swift in Sources */ = {isa = PBXBuildFile; fileRef = A099B4EE25B5B133001B5FCE /* HeaderAutoLayoutCollectionViewController.swift */; };
		A0B2A502240BBA8200099E41 /* DragAnimationStep1ViewController.swift in Sources */ = {isa = PBXBuildFile; fileRef = A0B2A501240BBA8200099E41 /* DragAnimationStep1ViewController.swift */; };
		A0B593EB272BAB0E00AE034D /* CollectionViewViewController.swift in Sources */ = {isa = PBXBuildFile; fileRef = A0B593EA272BAB0E00AE034D /* CollectionViewViewController.swift */; };
		A0B593ED272BAB7C00AE034D /* CollectionViewCoordinator.swift in Sources */ = {isa = PBXBuildFile; fileRef = A0B593EC272BAB7C00AE034D /* CollectionViewCoordinator.swift */; };
		A0B593EF272BACBD00AE034D /* UIStackView+Utils.swift in Sources */ = {isa = PBXBuildFile; fileRef = A0B593EE272BACBD00AE034D /* UIStackView+Utils.swift */; };
		A0B593F1272BB17200AE034D /* CollectionViewViewModel.swift in Sources */ = {isa = PBXBuildFile; fileRef = A0B593F0272BB17200AE034D /* CollectionViewViewModel.swift */; };
		A0D34DC4272A4DFF00791A07 /* CoordinatorPattern.swift in Sources */ = {isa = PBXBuildFile; fileRef = A0D34DC3272A4DFF00791A07 /* CoordinatorPattern.swift */; };
		A0D34DC6272A509400791A07 /* MainCoordinator.swift in Sources */ = {isa = PBXBuildFile; fileRef = A0D34DC5272A509400791A07 /* MainCoordinator.swift */; };
		A0D34DC8272A5AB700791A07 /* DragAnimationPracticeCoordinator.swift in Sources */ = {isa = PBXBuildFile; fileRef = A0D34DC7272A5AB700791A07 /* DragAnimationPracticeCoordinator.swift */; };
		A0D34DCB272A5E1100791A07 /* UIViewController+Utils.swift in Sources */ = {isa = PBXBuildFile; fileRef = A0D34DCA272A5E1100791A07 /* UIViewController+Utils.swift */; };
		A0D34DCE272A7DC600791A07 /* DragAnimationBlogCoordinator.swift in Sources */ = {isa = PBXBuildFile; fileRef = A0D34DCD272A7DC600791A07 /* DragAnimationBlogCoordinator.swift */; };
		A0D34DD0272A7E6B00791A07 /* DragAnimationBlogViewController.swift in Sources */ = {isa = PBXBuildFile; fileRef = A0D34DCF272A7E6B00791A07 /* DragAnimationBlogViewController.swift */; };
		A0D34DD5272AA35300791A07 /* MainViewModel.swift in Sources */ = {isa = PBXBuildFile; fileRef = A0D34DD4272AA35300791A07 /* MainViewModel.swift */; };
		A0DF57A5272AD98700811F03 /* MainModel.swift in Sources */ = {isa = PBXBuildFile; fileRef = A0DF57A4272AD98700811F03 /* MainModel.swift */; };
		A0DF57A7272ADF5B00811F03 /* MainViewCell.swift in Sources */ = {isa = PBXBuildFile; fileRef = A0DF57A6272ADF5B00811F03 /* MainViewCell.swift */; };
		A0F0E7CB29165640008914B3 /* SnapKit in Frameworks */ = {isa = PBXBuildFile; productRef = A0F0E7CA29165640008914B3 /* SnapKit */; };
		A0F281502601E35B00C78324 /* DragAnimationFinalViewController.swift in Sources */ = {isa = PBXBuildFile; fileRef = A0F2814F2601E35B00C78324 /* DragAnimationFinalViewController.swift */; };
/* End PBXBuildFile section */

/* Begin PBXFileReference section */
		6BF541EA2403CB5F002C47DA /* KJS_UI.app */ = {isa = PBXFileReference; explicitFileType = wrapper.application; includeInIndex = 0; path = KJS_UI.app; sourceTree = BUILT_PRODUCTS_DIR; };
		6BF541ED2403CB5F002C47DA /* AppDelegate.swift */ = {isa = PBXFileReference; lastKnownFileType = sourcecode.swift; path = AppDelegate.swift; sourceTree = "<group>"; };
		6BF541EF2403CB5F002C47DA /* SceneDelegate.swift */ = {isa = PBXFileReference; lastKnownFileType = sourcecode.swift; path = SceneDelegate.swift; sourceTree = "<group>"; };
		6BF541F12403CB5F002C47DA /* MainViewController.swift */ = {isa = PBXFileReference; lastKnownFileType = sourcecode.swift; path = MainViewController.swift; sourceTree = "<group>"; };
		6BF541F62403CB5F002C47DA /* Assets.xcassets */ = {isa = PBXFileReference; lastKnownFileType = folder.assetcatalog; path = Assets.xcassets; sourceTree = "<group>"; };
		6BF541F92403CB5F002C47DA /* Base */ = {isa = PBXFileReference; lastKnownFileType = file.storyboard; name = Base; path = Base.lproj/LaunchScreen.storyboard; sourceTree = "<group>"; };
		6BF541FB2403CB5F002C47DA /* Info.plist */ = {isa = PBXFileReference; lastKnownFileType = text.plist.xml; path = Info.plist; sourceTree = "<group>"; };
		6BF542012403CB74002C47DA /* StackAnimationViewController.swift */ = {isa = PBXFileReference; fileEncoding = 4; lastKnownFileType = sourcecode.swift; path = StackAnimationViewController.swift; sourceTree = "<group>"; };
		6BF542022403CB74002C47DA /* Main.storyboard */ = {isa = PBXFileReference; fileEncoding = 4; lastKnownFileType = file.storyboard; path = Main.storyboard; sourceTree = "<group>"; };
		A002CAD3290E94E600796A25 /* HeaderAutoLayoutCollectionCoordinator.swift */ = {isa = PBXFileReference; lastKnownFileType = sourcecode.swift; path = HeaderAutoLayoutCollectionCoordinator.swift; sourceTree = "<group>"; };
		A002CAD5290E964A00796A25 /* TabBarViewController.swift */ = {isa = PBXFileReference; lastKnownFileType = sourcecode.swift; path = TabBarViewController.swift; sourceTree = "<group>"; };
		A002CAD7290E968200796A25 /* TabBarCoordinator.swift */ = {isa = PBXFileReference; lastKnownFileType = sourcecode.swift; path = TabBarCoordinator.swift; sourceTree = "<group>"; };
		A002CADA290E98EE00796A25 /* DiffableDataSourceCollectionVC.swift */ = {isa = PBXFileReference; lastKnownFileType = sourcecode.swift; path = DiffableDataSourceCollectionVC.swift; sourceTree = "<group>"; };
		A002CADC290E992800796A25 /* DiffableDataSourceCoordinator.swift */ = {isa = PBXFileReference; lastKnownFileType = sourcecode.swift; path = DiffableDataSourceCoordinator.swift; sourceTree = "<group>"; };
		A002CADE290E99DA00796A25 /* DiffableDataSourceCollectionCell.swift */ = {isa = PBXFileReference; lastKnownFileType = sourcecode.swift; path = DiffableDataSourceCollectionCell.swift; sourceTree = "<group>"; };
		A0216E452603339A00652CFB /* TabBar.storyboard */ = {isa = PBXFileReference; lastKnownFileType = file.storyboard; path = TabBar.storyboard; sourceTree = "<group>"; };
		A0216E4A2603343100652CFB /* CustomTabBarController.swift */ = {isa = PBXFileReference; lastKnownFileType = sourcecode.swift; path = CustomTabBarController.swift; sourceTree = "<group>"; };
		A0216E4F2603402F00652CFB /* SettingTabIcon.xib */ = {isa = PBXFileReference; lastKnownFileType = file.xib; path = SettingTabIcon.xib; sourceTree = "<group>"; };
		A0216E522603416C00652CFB /* SettingTabIcon.swift */ = {isa = PBXFileReference; lastKnownFileType = sourcecode.swift; path = SettingTabIcon.swift; sourceTree = "<group>"; };
		A0266910290EBC1E0018501C /* UIView+Utils.swift */ = {isa = PBXFileReference; lastKnownFileType = sourcecode.swift; path = "UIView+Utils.swift"; sourceTree = "<group>"; };
		A099B4EA25B5ADCF001B5FCE /* CollectionView.storyboard */ = {isa = PBXFileReference; lastKnownFileType = file.storyboard; path = CollectionView.storyboard; sourceTree = "<group>"; };
		A099B4EE25B5B133001B5FCE /* HeaderAutoLayoutCollectionViewController.swift */ = {isa = PBXFileReference; lastKnownFileType = sourcecode.swift; path = HeaderAutoLayoutCollectionViewController.swift; sourceTree = "<group>"; };
		A0B2A501240BBA8200099E41 /* DragAnimationStep1ViewController.swift */ = {isa = PBXFileReference; lastKnownFileType = sourcecode.swift; path = DragAnimationStep1ViewController.swift; sourceTree = "<group>"; };
		A0B593EA272BAB0E00AE034D /* CollectionViewViewController.swift */ = {isa = PBXFileReference; lastKnownFileType = sourcecode.swift; path = CollectionViewViewController.swift; sourceTree = "<group>"; };
		A0B593EC272BAB7C00AE034D /* CollectionViewCoordinator.swift */ = {isa = PBXFileReference; lastKnownFileType = sourcecode.swift; path = CollectionViewCoordinator.swift; sourceTree = "<group>"; };
		A0B593EE272BACBD00AE034D /* UIStackView+Utils.swift */ = {isa = PBXFileReference; lastKnownFileType = sourcecode.swift; path = "UIStackView+Utils.swift"; sourceTree = "<group>"; };
		A0B593F0272BB17200AE034D /* CollectionViewViewModel.swift */ = {isa = PBXFileReference; lastKnownFileType = sourcecode.swift; path = CollectionViewViewModel.swift; sourceTree = "<group>"; };
		A0D34DC3272A4DFF00791A07 /* CoordinatorPattern.swift */ = {isa = PBXFileReference; lastKnownFileType = sourcecode.swift; path = CoordinatorPattern.swift; sourceTree = "<group>"; };
		A0D34DC5272A509400791A07 /* MainCoordinator.swift */ = {isa = PBXFileReference; lastKnownFileType = sourcecode.swift; path = MainCoordinator.swift; sourceTree = "<group>"; };
		A0D34DC7272A5AB700791A07 /* DragAnimationPracticeCoordinator.swift */ = {isa = PBXFileReference; lastKnownFileType = sourcecode.swift; path = DragAnimationPracticeCoordinator.swift; sourceTree = "<group>"; };
		A0D34DCA272A5E1100791A07 /* UIViewController+Utils.swift */ = {isa = PBXFileReference; lastKnownFileType = sourcecode.swift; path = "UIViewController+Utils.swift"; sourceTree = "<group>"; };
		A0D34DCD272A7DC600791A07 /* DragAnimationBlogCoordinator.swift */ = {isa = PBXFileReference; lastKnownFileType = sourcecode.swift; path = DragAnimationBlogCoordinator.swift; sourceTree = "<group>"; };
		A0D34DCF272A7E6B00791A07 /* DragAnimationBlogViewController.swift */ = {isa = PBXFileReference; lastKnownFileType = sourcecode.swift; path = DragAnimationBlogViewController.swift; sourceTree = "<group>"; };
		A0D34DD4272AA35300791A07 /* MainViewModel.swift */ = {isa = PBXFileReference; lastKnownFileType = sourcecode.swift; path = MainViewModel.swift; sourceTree = "<group>"; };
		A0DF57A4272AD98700811F03 /* MainModel.swift */ = {isa = PBXFileReference; lastKnownFileType = sourcecode.swift; path = MainModel.swift; sourceTree = "<group>"; };
		A0DF57A6272ADF5B00811F03 /* MainViewCell.swift */ = {isa = PBXFileReference; lastKnownFileType = sourcecode.swift; path = MainViewCell.swift; sourceTree = "<group>"; };
		A0F2814F2601E35B00C78324 /* DragAnimationFinalViewController.swift */ = {isa = PBXFileReference; lastKnownFileType = sourcecode.swift; path = DragAnimationFinalViewController.swift; sourceTree = "<group>"; };
/* End PBXFileReference section */

/* Begin PBXFrameworksBuildPhase section */
		6BF541E72403CB5F002C47DA /* Frameworks */ = {
			isa = PBXFrameworksBuildPhase;
			buildActionMask = 2147483647;
			files = (
				A0F0E7CB29165640008914B3 /* SnapKit in Frameworks */,
			);
			runOnlyForDeploymentPostprocessing = 0;
		};
/* End PBXFrameworksBuildPhase section */

/* Begin PBXGroup section */
		6BF541E12403CB5F002C47DA = {
			isa = PBXGroup;
			children = (
				6BF541EC2403CB5F002C47DA /* KJS_UI */,
				6BF541EB2403CB5F002C47DA /* Products */,
			);
			sourceTree = "<group>";
		};
		6BF541EB2403CB5F002C47DA /* Products */ = {
			isa = PBXGroup;
			children = (
				6BF541EA2403CB5F002C47DA /* KJS_UI.app */,
			);
			name = Products;
			sourceTree = "<group>";
		};
		6BF541EC2403CB5F002C47DA /* KJS_UI */ = {
			isa = PBXGroup;
			children = (
				6BF541ED2403CB5F002C47DA /* AppDelegate.swift */,
				6BF541EF2403CB5F002C47DA /* SceneDelegate.swift */,
				A0D34DD2272A9DB800791A07 /* Scenes */,
				A0D34DD3272A9DD800791A07 /* ETC */,
				A0D34DC9272A5DDF00791A07 /* Utils */,
				6BF542022403CB74002C47DA /* Main.storyboard */,
				A099B4EA25B5ADCF001B5FCE /* CollectionView.storyboard */,
				A0216E452603339A00652CFB /* TabBar.storyboard */,
				6BF541F62403CB5F002C47DA /* Assets.xcassets */,
				6BF541F82403CB5F002C47DA /* LaunchScreen.storyboard */,
				6BF541FB2403CB5F002C47DA /* Info.plist */,
			);
			path = KJS_UI;
			sourceTree = "<group>";
		};
		A002CAD0290E92F200796A25 /* HeaderAutoLayoutCollectionView */ = {
			isa = PBXGroup;
			children = (
				A099B4EE25B5B133001B5FCE /* HeaderAutoLayoutCollectionViewController.swift */,
				A002CAD3290E94E600796A25 /* HeaderAutoLayoutCollectionCoordinator.swift */,
			);
			path = HeaderAutoLayoutCollectionView;
			sourceTree = "<group>";
		};
		A002CAD9290E98B700796A25 /* DiffableDataSource */ = {
			isa = PBXGroup;
			children = (
				A002CADA290E98EE00796A25 /* DiffableDataSourceCollectionVC.swift */,
				A002CADE290E99DA00796A25 /* DiffableDataSourceCollectionCell.swift */,
				A002CADC290E992800796A25 /* DiffableDataSourceCoordinator.swift */,
			);
			path = DiffableDataSource;
			sourceTree = "<group>";
		};
		A0216E482603341100652CFB /* TabBar */ = {
			isa = PBXGroup;
			children = (
				A0216E492603341A00652CFB /* CustomTabBar */,
				A002CAD5290E964A00796A25 /* TabBarViewController.swift */,
				A002CAD7290E968200796A25 /* TabBarCoordinator.swift */,
			);
			path = TabBar;
			sourceTree = "<group>";
		};
		A0216E492603341A00652CFB /* CustomTabBar */ = {
			isa = PBXGroup;
			children = (
				A0216E4A2603343100652CFB /* CustomTabBarController.swift */,
				A0216E4F2603402F00652CFB /* SettingTabIcon.xib */,
				A0216E522603416C00652CFB /* SettingTabIcon.swift */,
			);
			path = CustomTabBar;
			sourceTree = "<group>";
		};
		A099B4E825B5AD9E001B5FCE /* CollectionView */ = {
			isa = PBXGroup;
			children = (
				A002CAD9290E98B700796A25 /* DiffableDataSource */,
				A002CAD0290E92F200796A25 /* HeaderAutoLayoutCollectionView */,
				A0B593EA272BAB0E00AE034D /* CollectionViewViewController.swift */,
				A0B593EC272BAB7C00AE034D /* CollectionViewCoordinator.swift */,
				A0B593F0272BB17200AE034D /* CollectionViewViewModel.swift */,
			);
			path = CollectionView;
			sourceTree = "<group>";
		};
		A0B2A500240BBA6700099E41 /* DragAnimationBlog */ = {
			isa = PBXGroup;
			children = (
				A0B2A501240BBA8200099E41 /* DragAnimationStep1ViewController.swift */,
				A0F2814F2601E35B00C78324 /* DragAnimationFinalViewController.swift */,
				A0D34DCD272A7DC600791A07 /* DragAnimationBlogCoordinator.swift */,
				A0D34DCF272A7E6B00791A07 /* DragAnimationBlogViewController.swift */,
			);
			path = DragAnimationBlog;
			sourceTree = "<group>";
		};
		A0D34DC1272A4DE900791A07 /* DesignPattern */ = {
			isa = PBXGroup;
			children = (
				A0D34DC2272A4DF300791A07 /* Coordinator */,
			);
			path = DesignPattern;
			sourceTree = "<group>";
		};
		A0D34DC2272A4DF300791A07 /* Coordinator */ = {
			isa = PBXGroup;
			children = (
				A0D34DC3272A4DFF00791A07 /* CoordinatorPattern.swift */,
			);
			path = Coordinator;
			sourceTree = "<group>";
		};
		A0D34DC9272A5DDF00791A07 /* Utils */ = {
			isa = PBXGroup;
			children = (
				A0D34DCA272A5E1100791A07 /* UIViewController+Utils.swift */,
				A0B593EE272BACBD00AE034D /* UIStackView+Utils.swift */,
				A0266910290EBC1E0018501C /* UIView+Utils.swift */,
			);
			path = Utils;
			sourceTree = "<group>";
		};
		A0D34DCC272A7ABC00791A07 /* DragAnimationPractice */ = {
			isa = PBXGroup;
			children = (
				A0D34DC7272A5AB700791A07 /* DragAnimationPracticeCoordinator.swift */,
				6BF542012403CB74002C47DA /* StackAnimationViewController.swift */,
			);
			path = DragAnimationPractice;
			sourceTree = "<group>";
		};
		A0D34DD1272A9DA200791A07 /* Main */ = {
			isa = PBXGroup;
			children = (
				A0D34DC5272A509400791A07 /* MainCoordinator.swift */,
				6BF541F12403CB5F002C47DA /* MainViewController.swift */,
				A0DF57A6272ADF5B00811F03 /* MainViewCell.swift */,
				A0D34DD4272AA35300791A07 /* MainViewModel.swift */,
				A0DF57A4272AD98700811F03 /* MainModel.swift */,
				A0D34DCC272A7ABC00791A07 /* DragAnimationPractice */,
				A0B2A500240BBA6700099E41 /* DragAnimationBlog */,
				A099B4E825B5AD9E001B5FCE /* CollectionView */,
				A0216E482603341100652CFB /* TabBar */,
			);
			path = Main;
			sourceTree = "<group>";
		};
		A0D34DD2272A9DB800791A07 /* Scenes */ = {
			isa = PBXGroup;
			children = (
				A0D34DD1272A9DA200791A07 /* Main */,
			);
			path = Scenes;
			sourceTree = "<group>";
		};
		A0D34DD3272A9DD800791A07 /* ETC */ = {
			isa = PBXGroup;
			children = (
				A0D34DC1272A4DE900791A07 /* DesignPattern */,
			);
			path = ETC;
			sourceTree = "<group>";
		};
/* End PBXGroup section */

/* Begin PBXNativeTarget section */
		6BF541E92403CB5F002C47DA /* KJS_UI */ = {
			isa = PBXNativeTarget;
			buildConfigurationList = 6BF541FE2403CB5F002C47DA /* Build configuration list for PBXNativeTarget "KJS_UI" */;
			buildPhases = (
				6BF541E62403CB5F002C47DA /* Sources */,
				6BF541E72403CB5F002C47DA /* Frameworks */,
				6BF541E82403CB5F002C47DA /* Resources */,
			);
			buildRules = (
			);
			dependencies = (
			);
			name = KJS_UI;
			packageProductDependencies = (
				A0F0E7CA29165640008914B3 /* SnapKit */,
			);
			productName = KJS_UI;
			productReference = 6BF541EA2403CB5F002C47DA /* KJS_UI.app */;
			productType = "com.apple.product-type.application";
		};
/* End PBXNativeTarget section */

/* Begin PBXProject section */
		6BF541E22403CB5F002C47DA /* Project object */ = {
			isa = PBXProject;
			attributes = {
				LastSwiftUpdateCheck = 1130;
				LastUpgradeCheck = 1130;
				ORGANIZATIONNAME = JS;
				TargetAttributes = {
					6BF541E92403CB5F002C47DA = {
						CreatedOnToolsVersion = 11.3.1;
					};
				};
			};
			buildConfigurationList = 6BF541E52403CB5F002C47DA /* Build configuration list for PBXProject "KJS_UI" */;
			compatibilityVersion = "Xcode 9.3";
			developmentRegion = en;
			hasScannedForEncodings = 0;
			knownRegions = (
				en,
				Base,
			);
			mainGroup = 6BF541E12403CB5F002C47DA;
			packageReferences = (
				A0F0E7C929165640008914B3 /* XCRemoteSwiftPackageReference "SnapKit" */,
			);
			productRefGroup = 6BF541EB2403CB5F002C47DA /* Products */;
			projectDirPath = "";
			projectRoot = "";
			targets = (
				6BF541E92403CB5F002C47DA /* KJS_UI */,
			);
		};
/* End PBXProject section */

/* Begin PBXResourcesBuildPhase section */
		6BF541E82403CB5F002C47DA /* Resources */ = {
			isa = PBXResourcesBuildPhase;
			buildActionMask = 2147483647;
			files = (
				A0216E462603339A00652CFB /* TabBar.storyboard in Resources */,
				6BF541FA2403CB5F002C47DA /* LaunchScreen.storyboard in Resources */,
				6BF541F72403CB5F002C47DA /* Assets.xcassets in Resources */,
				6BF542042403CB74002C47DA /* Main.storyboard in Resources */,
				A099B4EB25B5ADCF001B5FCE /* CollectionView.storyboard in Resources */,
				A0216E502603402F00652CFB /* SettingTabIcon.xib in Resources */,
			);
			runOnlyForDeploymentPostprocessing = 0;
		};
/* End PBXResourcesBuildPhase section */

/* Begin PBXSourcesBuildPhase section */
		6BF541E62403CB5F002C47DA /* Sources */ = {
			isa = PBXSourcesBuildPhase;
			buildActionMask = 2147483647;
			files = (
				A099B4EF25B5B133001B5FCE /* HeaderAutoLayoutCollectionViewController.swift in Sources */,
				A0D34DD0272A7E6B00791A07 /* DragAnimationBlogViewController.swift in Sources */,
				6BF541F22403CB5F002C47DA /* MainViewController.swift in Sources */,
				A0266911290EBC1E0018501C /* UIView+Utils.swift in Sources */,
				A002CAD8290E968200796A25 /* TabBarCoordinator.swift in Sources */,
				A0216E4B2603343100652CFB /* CustomTabBarController.swift in Sources */,
				A0D34DC8272A5AB700791A07 /* DragAnimationPracticeCoordinator.swift in Sources */,
				6BF541EE2403CB5F002C47DA /* AppDelegate.swift in Sources */,
				A0B593EB272BAB0E00AE034D /* CollectionViewViewController.swift in Sources */,
				A0B2A502240BBA8200099E41 /* DragAnimationStep1ViewController.swift in Sources */,
				A0D34DC6272A509400791A07 /* MainCoordinator.swift in Sources */,
				6BF542032403CB74002C47DA /* StackAnimationViewController.swift in Sources */,
				A0DF57A7272ADF5B00811F03 /* MainViewCell.swift in Sources */,
				A0D34DC4272A4DFF00791A07 /* CoordinatorPattern.swift in Sources */,
				A0F281502601E35B00C78324 /* DragAnimationFinalViewController.swift in Sources */,
				A002CADD290E992800796A25 /* DiffableDataSourceCoordinator.swift in Sources */,
				A0B593ED272BAB7C00AE034D /* CollectionViewCoordinator.swift in Sources */,
				A0B593EF272BACBD00AE034D /* UIStackView+Utils.swift in Sources */,
				A0B593F1272BB17200AE034D /* CollectionViewViewModel.swift in Sources */,
				A002CAD6290E964A00796A25 /* TabBarViewController.swift in Sources */,
				A0DF57A5272AD98700811F03 /* MainModel.swift in Sources */,
				6BF541F02403CB5F002C47DA /* SceneDelegate.swift in Sources */,
				A002CADF290E99DA00796A25 /* DiffableDataSourceCollectionCell.swift in Sources */,
				A0D34DCE272A7DC600791A07 /* DragAnimationBlogCoordinator.swift in Sources */,
				A0D34DCB272A5E1100791A07 /* UIViewController+Utils.swift in Sources */,
				A0216E532603416C00652CFB /* SettingTabIcon.swift in Sources */,
				A002CAD4290E94E600796A25 /* HeaderAutoLayoutCollectionCoordinator.swift in Sources */,
				A002CADB290E98EE00796A25 /* DiffableDataSourceCollectionVC.swift in Sources */,
				A0D34DD5272AA35300791A07 /* MainViewModel.swift in Sources */,
			);
			runOnlyForDeploymentPostprocessing = 0;
		};
/* End PBXSourcesBuildPhase section */

/* Begin PBXVariantGroup section */
		6BF541F82403CB5F002C47DA /* LaunchScreen.storyboard */ = {
			isa = PBXVariantGroup;
			children = (
				6BF541F92403CB5F002C47DA /* Base */,
			);
			name = LaunchScreen.storyboard;
			sourceTree = "<group>";
		};
/* End PBXVariantGroup section */

/* Begin XCBuildConfiguration section */
		6BF541FC2403CB5F002C47DA /* Debug */ = {
			isa = XCBuildConfiguration;
			buildSettings = {
				ALWAYS_SEARCH_USER_PATHS = NO;
				CLANG_ANALYZER_NONNULL = YES;
				CLANG_ANALYZER_NUMBER_OBJECT_CONVERSION = YES_AGGRESSIVE;
				CLANG_CXX_LANGUAGE_STANDARD = "gnu++14";
				CLANG_CXX_LIBRARY = "libc++";
				CLANG_ENABLE_MODULES = YES;
				CLANG_ENABLE_OBJC_ARC = YES;
				CLANG_ENABLE_OBJC_WEAK = YES;
				CLANG_WARN_BLOCK_CAPTURE_AUTORELEASING = YES;
				CLANG_WARN_BOOL_CONVERSION = YES;
				CLANG_WARN_COMMA = YES;
				CLANG_WARN_CONSTANT_CONVERSION = YES;
				CLANG_WARN_DEPRECATED_OBJC_IMPLEMENTATIONS = YES;
				CLANG_WARN_DIRECT_OBJC_ISA_USAGE = YES_ERROR;
				CLANG_WARN_DOCUMENTATION_COMMENTS = YES;
				CLANG_WARN_EMPTY_BODY = YES;
				CLANG_WARN_ENUM_CONVERSION = YES;
				CLANG_WARN_INFINITE_RECURSION = YES;
				CLANG_WARN_INT_CONVERSION = YES;
				CLANG_WARN_NON_LITERAL_NULL_CONVERSION = YES;
				CLANG_WARN_OBJC_IMPLICIT_RETAIN_SELF = YES;
				CLANG_WARN_OBJC_LITERAL_CONVERSION = YES;
				CLANG_WARN_OBJC_ROOT_CLASS = YES_ERROR;
				CLANG_WARN_RANGE_LOOP_ANALYSIS = YES;
				CLANG_WARN_STRICT_PROTOTYPES = YES;
				CLANG_WARN_SUSPICIOUS_MOVE = YES;
				CLANG_WARN_UNGUARDED_AVAILABILITY = YES_AGGRESSIVE;
				CLANG_WARN_UNREACHABLE_CODE = YES;
				CLANG_WARN__DUPLICATE_METHOD_MATCH = YES;
				COPY_PHASE_STRIP = NO;
				DEBUG_INFORMATION_FORMAT = dwarf;
				ENABLE_STRICT_OBJC_MSGSEND = YES;
				ENABLE_TESTABILITY = YES;
				GCC_C_LANGUAGE_STANDARD = gnu11;
				GCC_DYNAMIC_NO_PIC = NO;
				GCC_NO_COMMON_BLOCKS = YES;
				GCC_OPTIMIZATION_LEVEL = 0;
				GCC_PREPROCESSOR_DEFINITIONS = (
					"DEBUG=1",
					"$(inherited)",
				);
				GCC_WARN_64_TO_32_BIT_CONVERSION = YES;
				GCC_WARN_ABOUT_RETURN_TYPE = YES_ERROR;
				GCC_WARN_UNDECLARED_SELECTOR = YES;
				GCC_WARN_UNINITIALIZED_AUTOS = YES_AGGRESSIVE;
				GCC_WARN_UNUSED_FUNCTION = YES;
				GCC_WARN_UNUSED_VARIABLE = YES;
				IPHONEOS_DEPLOYMENT_TARGET = 13.2;
				MTL_ENABLE_DEBUG_INFO = INCLUDE_SOURCE;
				MTL_FAST_MATH = YES;
				ONLY_ACTIVE_ARCH = YES;
				SDKROOT = iphoneos;
				SWIFT_ACTIVE_COMPILATION_CONDITIONS = DEBUG;
				SWIFT_OPTIMIZATION_LEVEL = "-Onone";
			};
			name = Debug;
		};
		6BF541FD2403CB5F002C47DA /* Release */ = {
			isa = XCBuildConfiguration;
			buildSettings = {
				ALWAYS_SEARCH_USER_PATHS = NO;
				CLANG_ANALYZER_NONNULL = YES;
				CLANG_ANALYZER_NUMBER_OBJECT_CONVERSION = YES_AGGRESSIVE;
				CLANG_CXX_LANGUAGE_STANDARD = "gnu++14";
				CLANG_CXX_LIBRARY = "libc++";
				CLANG_ENABLE_MODULES = YES;
				CLANG_ENABLE_OBJC_ARC = YES;
				CLANG_ENABLE_OBJC_WEAK = YES;
				CLANG_WARN_BLOCK_CAPTURE_AUTORELEASING = YES;
				CLANG_WARN_BOOL_CONVERSION = YES;
				CLANG_WARN_COMMA = YES;
				CLANG_WARN_CONSTANT_CONVERSION = YES;
				CLANG_WARN_DEPRECATED_OBJC_IMPLEMENTATIONS = YES;
				CLANG_WARN_DIRECT_OBJC_ISA_USAGE = YES_ERROR;
				CLANG_WARN_DOCUMENTATION_COMMENTS = YES;
				CLANG_WARN_EMPTY_BODY = YES;
				CLANG_WARN_ENUM_CONVERSION = YES;
				CLANG_WARN_INFINITE_RECURSION = YES;
				CLANG_WARN_INT_CONVERSION = YES;
				CLANG_WARN_NON_LITERAL_NULL_CONVERSION = YES;
				CLANG_WARN_OBJC_IMPLICIT_RETAIN_SELF = YES;
				CLANG_WARN_OBJC_LITERAL_CONVERSION = YES;
				CLANG_WARN_OBJC_ROOT_CLASS = YES_ERROR;
				CLANG_WARN_RANGE_LOOP_ANALYSIS = YES;
				CLANG_WARN_STRICT_PROTOTYPES = YES;
				CLANG_WARN_SUSPICIOUS_MOVE = YES;
				CLANG_WARN_UNGUARDED_AVAILABILITY = YES_AGGRESSIVE;
				CLANG_WARN_UNREACHABLE_CODE = YES;
				CLANG_WARN__DUPLICATE_METHOD_MATCH = YES;
				COPY_PHASE_STRIP = NO;
				DEBUG_INFORMATION_FORMAT = "dwarf-with-dsym";
				ENABLE_NS_ASSERTIONS = NO;
				ENABLE_STRICT_OBJC_MSGSEND = YES;
				GCC_C_LANGUAGE_STANDARD = gnu11;
				GCC_NO_COMMON_BLOCKS = YES;
				GCC_WARN_64_TO_32_BIT_CONVERSION = YES;
				GCC_WARN_ABOUT_RETURN_TYPE = YES_ERROR;
				GCC_WARN_UNDECLARED_SELECTOR = YES;
				GCC_WARN_UNINITIALIZED_AUTOS = YES_AGGRESSIVE;
				GCC_WARN_UNUSED_FUNCTION = YES;
				GCC_WARN_UNUSED_VARIABLE = YES;
				IPHONEOS_DEPLOYMENT_TARGET = 13.2;
				MTL_ENABLE_DEBUG_INFO = NO;
				MTL_FAST_MATH = YES;
				SDKROOT = iphoneos;
				SWIFT_COMPILATION_MODE = wholemodule;
				SWIFT_OPTIMIZATION_LEVEL = "-O";
				VALIDATE_PRODUCT = YES;
			};
			name = Release;
		};
		6BF541FF2403CB5F002C47DA /* Debug */ = {
			isa = XCBuildConfiguration;
			buildSettings = {
				ASSETCATALOG_COMPILER_APPICON_NAME = AppIcon;
				CODE_SIGN_STYLE = Automatic;
				DEVELOPMENT_TEAM = 689KAW4595;
				INFOPLIST_FILE = KJS_UI/Info.plist;
				IPHONEOS_DEPLOYMENT_TARGET = 15.0;
				LD_RUNPATH_SEARCH_PATHS = (
					"$(inherited)",
					"@executable_path/Frameworks",
				);
				PRODUCT_BUNDLE_IDENTIFIER = "com.JS.test.KJS-UI";
				PRODUCT_NAME = "$(TARGET_NAME)";
				SWIFT_VERSION = 5.0;
				TARGETED_DEVICE_FAMILY = "1,2";
			};
			name = Debug;
		};
		6BF542002403CB5F002C47DA /* Release */ = {
			isa = XCBuildConfiguration;
			buildSettings = {
				ASSETCATALOG_COMPILER_APPICON_NAME = AppIcon;
				CODE_SIGN_STYLE = Automatic;
				DEVELOPMENT_TEAM = 689KAW4595;
				INFOPLIST_FILE = KJS_UI/Info.plist;
				IPHONEOS_DEPLOYMENT_TARGET = 15.0;
				LD_RUNPATH_SEARCH_PATHS = (
					"$(inherited)",
					"@executable_path/Frameworks",
				);
				PRODUCT_BUNDLE_IDENTIFIER = "com.JS.test.KJS-UI";
				PRODUCT_NAME = "$(TARGET_NAME)";
				SWIFT_VERSION = 5.0;
				TARGETED_DEVICE_FAMILY = "1,2";
			};
			name = Release;
		};
/* End XCBuildConfiguration section */

/* Begin XCConfigurationList section */
		6BF541E52403CB5F002C47DA /* Build configuration list for PBXProject "KJS_UI" */ = {
			isa = XCConfigurationList;
			buildConfigurations = (
				6BF541FC2403CB5F002C47DA /* Debug */,
				6BF541FD2403CB5F002C47DA /* Release */,
			);
			defaultConfigurationIsVisible = 0;
			defaultConfigurationName = Release;
		};
		6BF541FE2403CB5F002C47DA /* Build configuration list for PBXNativeTarget "KJS_UI" */ = {
			isa = XCConfigurationList;
			buildConfigurations = (
				6BF541FF2403CB5F002C47DA /* Debug */,
				6BF542002403CB5F002C47DA /* Release */,
			);
			defaultConfigurationIsVisible = 0;
			defaultConfigurationName = Release;
		};
/* End XCConfigurationList section */

/* Begin XCRemoteSwiftPackageReference section */
		A0F0E7C929165640008914B3 /* XCRemoteSwiftPackageReference "SnapKit" */ = {
			isa = XCRemoteSwiftPackageReference;
			repositoryURL = "https://github.com/SnapKit/SnapKit";
			requirement = {
				kind = upToNextMajorVersion;
				minimumVersion = 5.0.0;
			};
		};
/* End XCRemoteSwiftPackageReference section */

/* Begin XCSwiftPackageProductDependency section */
		A0F0E7CA29165640008914B3 /* SnapKit */ = {
			isa = XCSwiftPackageProductDependency;
			package = A0F0E7C929165640008914B3 /* XCRemoteSwiftPackageReference "SnapKit" */;
			productName = SnapKit;
		};
/* End XCSwiftPackageProductDependency section */
	};
	rootObject = 6BF541E22403CB5F002C47DA /* Project object */;
}
